
Microsoft Visual Studio Solution File, Format Version 12.00
# Visual Studio Version 17
VisualStudioVersion = 17.3.32811.315
MinimumVisualStudioVersion = 10.0.40219.1
Project("{FAE04EC0-301F-11D3-BF4B-00C04F79EFBC}") = "WepApi", "WepApi\WepApi.csproj", "{D46DABA7-63BF-4899-9AD9-1FF040E4A385}"
EndProject
Project("{FAE04EC0-301F-11D3-BF4B-00C04F79EFBC}") = "Data", "Data\Data.csproj", "{D6FBA929-244A-4F90-92A0-B9ECE74FB118}"
EndProject
Global
	GlobalSection(SolutionConfigurationPlatforms) = preSolution
		Debug|Any CPU = Debug|Any CPU
		Release|Any CPU = Release|Any CPU
	EndGlobalSection
	GlobalSection(ProjectConfigurationPlatforms) = postSolution
		{D46DABA7-63BF-4899-9AD9-1FF040E4A385}.Debug|Any CPU.ActiveCfg = Debug|Any CPU
		{D46DABA7-63BF-4899-9AD9-1FF040E4A385}.Debug|Any CPU.Build.0 = Debug|Any CPU
		{D46DABA7-63BF-4899-9AD9-1FF040E4A385}.Release|Any CPU.ActiveCfg = Release|Any CPU
		{D46DABA7-63BF-4899-9AD9-1FF040E4A385}.Release|Any CPU.Build.0 = Release|Any CPU
		{D6FBA929-244A-4F90-92A0-B9ECE74FB118}.Debug|Any CPU.ActiveCfg = Debug|Any CPU
		{D6FBA929-244A-4F90-92A0-B9ECE74FB118}.Debug|Any CPU.Build.0 = Debug|Any CPU
		{D6FBA929-244A-4F90-92A0-B9ECE74FB118}.Release|Any CPU.ActiveCfg = Release|Any CPU
		{D6FBA929-244A-4F90-92A0-B9ECE74FB118}.Release|Any CPU.Build.0 = Release|Any CPU
	EndGlobalSection
	GlobalSection(SolutionProperties) = preSolution
		HideSolutionNode = FALSE
	EndGlobalSection
	GlobalSection(ExtensibilityGlobals) = postSolution
		SolutionGuid = {BE842282-636A-4FE7-B63A-650766B4ED5C}
	EndGlobalSection
EndGlobal
